
Microsoft Visual Studio Solution File, Format Version 12.00
Project("{FAE04EC0-301F-11D3-BF4B-00C04F79EFBC}") = "WithLibConsumeGQL", "WithLibConsumeGQL\WithLibConsumeGQL.csproj", "{99E921A4-B6C5-4194-A97F-B1CDD0690FE7}"
EndProject
Project("{FAE04EC0-301F-11D3-BF4B-00C04F79EFBC}") = "WithoutLibConsumeGQL", "WithoutLibConsumeGQL\WithoutLibConsumeGQL.csproj", "{5AAB1C88-BC78-4746-B5C5-1E3C5900973A}"
EndProject
Project("{FAE04EC0-301F-11D3-BF4B-00C04F79EFBC}") = "DTOs", "DTOs\DTOs.csproj", "{EAC3C652-D863-4DF4-84D9-16DE4E238DB2}"
EndProject
Global
	GlobalSection(SolutionConfigurationPlatforms) = preSolution
		Debug|Any CPU = Debug|Any CPU
		Release|Any CPU = Release|Any CPU
	EndGlobalSection
	GlobalSection(ProjectConfigurationPlatforms) = postSolution
		{99E921A4-B6C5-4194-A97F-B1CDD0690FE7}.Debug|Any CPU.ActiveCfg = Debug|Any CPU
		{99E921A4-B6C5-4194-A97F-B1CDD0690FE7}.Debug|Any CPU.Build.0 = Debug|Any CPU
		{99E921A4-B6C5-4194-A97F-B1CDD0690FE7}.Release|Any CPU.ActiveCfg = Release|Any CPU
		{99E921A4-B6C5-4194-A97F-B1CDD0690FE7}.Release|Any CPU.Build.0 = Release|Any CPU
		{5AAB1C88-BC78-4746-B5C5-1E3C5900973A}.Debug|Any CPU.ActiveCfg = Debug|Any CPU
		{5AAB1C88-BC78-4746-B5C5-1E3C5900973A}.Debug|Any CPU.Build.0 = Debug|Any CPU
		{5AAB1C88-BC78-4746-B5C5-1E3C5900973A}.Release|Any CPU.ActiveCfg = Release|Any CPU
		{5AAB1C88-BC78-4746-B5C5-1E3C5900973A}.Release|Any CPU.Build.0 = Release|Any CPU
		{EAC3C652-D863-4DF4-84D9-16DE4E238DB2}.Debug|Any CPU.ActiveCfg = Debug|Any CPU
		{EAC3C652-D863-4DF4-84D9-16DE4E238DB2}.Debug|Any CPU.Build.0 = Debug|Any CPU
		{EAC3C652-D863-4DF4-84D9-16DE4E238DB2}.Release|Any CPU.ActiveCfg = Release|Any CPU
		{EAC3C652-D863-4DF4-84D9-16DE4E238DB2}.Release|Any CPU.Build.0 = Release|Any CPU
	EndGlobalSection
EndGlobal
